# THIS IS AN AUTOGENERATED FILE. DO NOT EDIT THIS FILE DIRECTLY.
# yarn lockfile v1


"@formatjs/ecma402-abstract@^1.2.3":
  version "1.2.3"
  resolved "https://registry.yarnpkg.com/@formatjs/ecma402-abstract/-/ecma402-abstract-1.2.3.tgz#ca94911dd8e9c89eeaabba0f00e2f692979fc27b"
  integrity sha512-sEkxTZj7qa+Pi/c4ppE5mxZYJkqQO3GNZzJZjAxgsXip2ixO/TZn58qrxdQ0V8mXmf+5xf+AfveyPvv4yHaRtw==
  dependencies:
    tslib "^2.0.1"

"@formatjs/intl-datetimeformat@^2.6.8":
  version "2.6.8"
  resolved "https://registry.yarnpkg.com/@formatjs/intl-datetimeformat/-/intl-datetimeformat-2.6.8.tgz#f1194a3233dbb6e8afaa820b1a37cbcac6c7e5ea"
  integrity sha512-xivwl15LnZ7sXiNOF1tZgOqAX/1pol4M1kh11h7LJwtPYYKt5VM9zZXw4NDBzK9lgYiMIzXIeryRGd8dDoySJg==
  dependencies:
    "@formatjs/ecma402-abstract" "^1.2.3"
    tslib "^2.0.1"

tslib@^2.0.1:
  version "2.0.2"
  resolved "https://registry.yarnpkg.com/tslib/-/tslib-2.0.2.tgz#462295631185db44b21b1ea3615b63cd1c038242"
  integrity sha512-wAH28hcEKwna96/UacuWaVspVLkg4x1aDM9JlzqaQTOFczCktkVAb5fmXChgandR1EraDPs2w8P+ozM+oafwxg==
